
Microsoft Visual Studio Solution File, Format Version 12.00
# Visual Studio Version 16
VisualStudioVersion = 16.0.29230.47
MinimumVisualStudioVersion = 10.0.40219.1
Project("{8BC9CEB8-8B4A-11D0-8D11-00A0C91BC942}") = "test3", "test3\test3.vcxproj", "{B8B13F52-34F1-4A0D-9677-C68733EF08C1}"
EndProject
Project("{8BC9CEB8-8B4A-11D0-8D11-00A0C91BC942}") = "test4", "test4\test4.vcxproj", "{05A1368B-C22E-408B-92C4-A9446FE82720}"
EndProject
Global
	GlobalSection(SolutionConfigurationPlatforms) = preSolution
		Debug|x64 = Debug|x64
		Debug|x86 = Debug|x86
		Release|x64 = Release|x64
		Release|x86 = Release|x86
	EndGlobalSection
	GlobalSection(ProjectConfigurationPlatforms) = postSolution
		{B8B13F52-34F1-4A0D-9677-C68733EF08C1}.Debug|x64.ActiveCfg = Debug|x64
		{B8B13F52-34F1-4A0D-9677-C68733EF08C1}.Debug|x64.Build.0 = Debug|x64
		{B8B13F52-34F1-4A0D-9677-C68733EF08C1}.Debug|x86.ActiveCfg = Debug|Win32
		{B8B13F52-34F1-4A0D-9677-C68733EF08C1}.Debug|x86.Build.0 = Debug|Win32
		{B8B13F52-34F1-4A0D-9677-C68733EF08C1}.Release|x64.ActiveCfg = Release|x64
		{B8B13F52-34F1-4A0D-9677-C68733EF08C1}.Release|x64.Build.0 = Release|x64
		{B8B13F52-34F1-4A0D-9677-C68733EF08C1}.Release|x86.ActiveCfg = Release|Win32
		{B8B13F52-34F1-4A0D-9677-C68733EF08C1}.Release|x86.Build.0 = Release|Win32
		{05A1368B-C22E-408B-92C4-A9446FE82720}.Debug|x64.ActiveCfg = Debug|x64
		{05A1368B-C22E-408B-92C4-A9446FE82720}.Debug|x64.Build.0 = Debug|x64
		{05A1368B-C22E-408B-92C4-A9446FE82720}.Debug|x86.ActiveCfg = Debug|Win32
		{05A1368B-C22E-408B-92C4-A9446FE82720}.Debug|x86.Build.0 = Debug|Win32
		{05A1368B-C22E-408B-92C4-A9446FE82720}.Release|x64.ActiveCfg = Release|x64
		{05A1368B-C22E-408B-92C4-A9446FE82720}.Release|x64.Build.0 = Release|x64
		{05A1368B-C22E-408B-92C4-A9446FE82720}.Release|x86.ActiveCfg = Release|Win32
		{05A1368B-C22E-408B-92C4-A9446FE82720}.Release|x86.Build.0 = Release|Win32
	EndGlobalSection
	GlobalSection(SolutionProperties) = preSolution
		HideSolutionNode = FALSE
	EndGlobalSection
	GlobalSection(ExtensibilityGlobals) = postSolution
		SolutionGuid = {1E55EF71-E55F-440C-A0A7-BC831624787C}
	EndGlobalSection
EndGlobal
